<?xml version="1.0" encoding="utf-8"?>
<Project ToolsVersion="4.0" xmlns="http://schemas.microsoft.com/developer/msbuild/2003">
  <ItemGroup>
    <Filter Include="Source Files">
      <UniqueIdentifier>{a3eabaca-90b6-4689-9c89-ad57f015e374}</UniqueIdentifier>
      <Extensions>cpp;c;cxx;rc;def;r;odl;idl;hpj;bat</Extensions>
    </Filter>
    <Filter Include="Header Files">
      <UniqueIdentifier>{44c7f315-cf73-4d0e-83a5-57fc0e3fe510}</UniqueIdentifier>
      <Extensions>h;hpp;hxx;hm;inl</Extensions>
    </Filter>
    <Filter Include="Resource Files">
      <UniqueIdentifier>{56839389-6ed0-42d5-b13e-de4360250451}</UniqueIdentifier>
      <Extensions>ico;cur;bmp;dlg;rc2;rct;bin;rgs;gif;jpg;jpeg;jpe</Extensions>
    </Filter>
  </ItemGroup>
  <ItemGroup>
    <ClCompile Include="main.cpp">
      <Filter>Source Files</Filter>
    </ClCompile>
  </ItemGroup>
  <ItemGroup>
    <ClInclude Include="adj_list_network_edge.h">
      <Filter>Header Files</Filter>
    </ClInclude>
    <ClInclude Include="adj_list_network_vex_node.h">
      <Filter>Header Files</Filter>
    </ClInclude>
    <ClInclude Include="adj_list_undir_network.h">
      <Filter>Header Files</Filter>
    </ClInclude>
    <ClInclude Include="equivalence.h">
      <Filter>Header Files</Filter>
    </ClInclude>
    <ClInclude Include="lk_list.h">
      <Filter>Header Files</Filter>
    </ClInclude>
    <ClInclude Include="lk_queue.h">
      <Filter>Header Files</Filter>
    </ClInclude>
    <ClInclude Include="min_priority_lk_queue.h">
      <Filter>Header Files</Filter>
    </ClInclude>
    <ClInclude Include="my_kruskal.h">
      <Filter>Header Files</Filter>
    </ClInclude>
    <ClInclude Include="node.h">
      <Filter>Header Files</Filter>
    </ClInclude>
    <ClInclude Include="utility.h">
      <Filter>Header Files</Filter>
    </ClInclude>
  </ItemGroup>
</Project>